// !$*UTF8*$!
{
	archiveVersion = 1;
	classes = {
	};
	objectVersion = 54;
	objects = {

/* Begin PBXBuildFile section */
		BF3036CD28F998AD00856435 /* callstack_create.h in Headers */ = {isa = PBXBuildFile; fileRef = BF3036CC28F998AD00856435 /* callstack_create.h */; settings = {ATTRIBUTES = (Public, ); }; };
		BF378FBE2919537000A4DAA9 /* callstack.hpp in Headers */ = {isa = PBXBuildFile; fileRef = BF3036C728F987C700856435 /* callstack.hpp */; settings = {ATTRIBUTES = (Public, ); }; };
		BF378FCB2919542100A4DAA9 /* callstack.c in Sources */ = {isa = PBXBuildFile; fileRef = BF86E31E28F4564600F6D20E /* callstack.c */; };
		BF378FCE2919542400A4DAA9 /* callstackInternal.c in Sources */ = {isa = PBXBuildFile; fileRef = BF5A746028F1DCA00017591A /* callstackInternal.c */; };
		BF378FD12919542600A4DAA9 /* callstack_parser.c in Sources */ = {isa = PBXBuildFile; fileRef = BF86E32128F45DE100F6D20E /* callstack_parser.c */; };
		BF378FD42919542800A4DAA9 /* callstack_parserInternal.c in Sources */ = {isa = PBXBuildFile; fileRef = BF86E32528F4609100F6D20E /* callstack_parserInternal.c */; };
		BF378FD72919544A00A4DAA9 /* demangler.h in Headers */ = {isa = PBXBuildFile; fileRef = BFCC50C828F8454E00E2388D /* demangler.h */; };
		BF378FDA2919544E00A4DAA9 /* callstack_parserInternal.h in Headers */ = {isa = PBXBuildFile; fileRef = BF86E32428F4609100F6D20E /* callstack_parserInternal.h */; };
		BF378FDD2919545100A4DAA9 /* callstack_parser.h in Headers */ = {isa = PBXBuildFile; fileRef = BF86E32028F45DE100F6D20E /* callstack_parser.h */; };
		BF378FE02919545500A4DAA9 /* callstackInternal.h in Headers */ = {isa = PBXBuildFile; fileRef = BF5A745F28F1DCA00017591A /* callstackInternal.h */; };
		BF378FE32919545700A4DAA9 /* callstack_create.h in Headers */ = {isa = PBXBuildFile; fileRef = BF3036CC28F998AD00856435 /* callstack_create.h */; settings = {ATTRIBUTES = (Public, ); }; };
		BF378FE62919545800A4DAA9 /* callstack.hpp in Headers */ = {isa = PBXBuildFile; fileRef = BF3036C728F987C700856435 /* callstack.hpp */; settings = {ATTRIBUTES = (Public, ); }; };
		BF378FE92919545B00A4DAA9 /* callstack_defs.h in Headers */ = {isa = PBXBuildFile; fileRef = BF5A746728F1EFC40017591A /* callstack_defs.h */; settings = {ATTRIBUTES = (Public, ); }; };
		BF378FEC2919545E00A4DAA9 /* callstack_type.h in Headers */ = {isa = PBXBuildFile; fileRef = BF5A746528F1E5120017591A /* callstack_type.h */; settings = {ATTRIBUTES = (Public, ); }; };
		BF378FEF2919546000A4DAA9 /* callstack.h in Headers */ = {isa = PBXBuildFile; fileRef = BF5A746328F1DD7F0017591A /* callstack.h */; settings = {ATTRIBUTES = (Public, ); }; };
		BF378FF22919546B00A4DAA9 /* demangler.cpp in Sources */ = {isa = PBXBuildFile; fileRef = BFCC50C728F8454E00E2388D /* demangler.cpp */; };
		BF5A746128F1DCA00017591A /* callstackInternal.h in Headers */ = {isa = PBXBuildFile; fileRef = BF5A745F28F1DCA00017591A /* callstackInternal.h */; };
		BF5A746228F1DCA00017591A /* callstackInternal.c in Sources */ = {isa = PBXBuildFile; fileRef = BF5A746028F1DCA00017591A /* callstackInternal.c */; };
		BF5A746428F1DD7F0017591A /* callstack.h in Headers */ = {isa = PBXBuildFile; fileRef = BF5A746328F1DD7F0017591A /* callstack.h */; settings = {ATTRIBUTES = (Public, ); }; };
		BF5A746628F1E5120017591A /* callstack_type.h in Headers */ = {isa = PBXBuildFile; fileRef = BF5A746528F1E5120017591A /* callstack_type.h */; settings = {ATTRIBUTES = (Public, ); }; };
		BF5A746828F1EFC40017591A /* callstack_defs.h in Headers */ = {isa = PBXBuildFile; fileRef = BF5A746728F1EFC40017591A /* callstack_defs.h */; settings = {ATTRIBUTES = (Public, ); }; };
		BF86E31F28F4564600F6D20E /* callstack.c in Sources */ = {isa = PBXBuildFile; fileRef = BF86E31E28F4564600F6D20E /* callstack.c */; };
		BF86E32228F45DE100F6D20E /* callstack_parser.h in Headers */ = {isa = PBXBuildFile; fileRef = BF86E32028F45DE100F6D20E /* callstack_parser.h */; };
		BF86E32328F45DE100F6D20E /* callstack_parser.c in Sources */ = {isa = PBXBuildFile; fileRef = BF86E32128F45DE100F6D20E /* callstack_parser.c */; };
		BF86E32628F4609100F6D20E /* callstack_parserInternal.h in Headers */ = {isa = PBXBuildFile; fileRef = BF86E32428F4609100F6D20E /* callstack_parserInternal.h */; };
		BF86E32728F4609100F6D20E /* callstack_parserInternal.c in Sources */ = {isa = PBXBuildFile; fileRef = BF86E32528F4609100F6D20E /* callstack_parserInternal.c */; };
		BF971B782A588077006BFFBB /* machoFile.h in Headers */ = {isa = PBXBuildFile; fileRef = BF971B762A588077006BFFBB /* machoFile.h */; };
		BF971B792A588077006BFFBB /* machoFile.h in Headers */ = {isa = PBXBuildFile; fileRef = BF971B762A588077006BFFBB /* machoFile.h */; };
		BF971B7A2A588077006BFFBB /* machoFile.c in Sources */ = {isa = PBXBuildFile; fileRef = BF971B772A588077006BFFBB /* machoFile.c */; };
		BF971B7B2A588077006BFFBB /* machoFile.c in Sources */ = {isa = PBXBuildFile; fileRef = BF971B772A588077006BFFBB /* machoFile.c */; };
		BF971B7F2A58827B006BFFBB /* binaryFile.h in Headers */ = {isa = PBXBuildFile; fileRef = BF971B7D2A58827B006BFFBB /* binaryFile.h */; };
		BF971B802A58827B006BFFBB /* binaryFile.h in Headers */ = {isa = PBXBuildFile; fileRef = BF971B7D2A58827B006BFFBB /* binaryFile.h */; };
		BF971B812A58827B006BFFBB /* binaryFile.c in Sources */ = {isa = PBXBuildFile; fileRef = BF971B7E2A58827B006BFFBB /* binaryFile.c */; };
		BF971B822A58827B006BFFBB /* binaryFile.c in Sources */ = {isa = PBXBuildFile; fileRef = BF971B7E2A58827B006BFFBB /* binaryFile.c */; };
		BF971B862A588634006BFFBB /* elfFile.h in Headers */ = {isa = PBXBuildFile; fileRef = BF971B842A588634006BFFBB /* elfFile.h */; };
		BF971B872A588634006BFFBB /* elfFile.h in Headers */ = {isa = PBXBuildFile; fileRef = BF971B842A588634006BFFBB /* elfFile.h */; };
		BF971B882A588634006BFFBB /* elfFile.c in Sources */ = {isa = PBXBuildFile; fileRef = BF971B852A588634006BFFBB /* elfFile.c */; };
		BF971B892A588634006BFFBB /* elfFile.c in Sources */ = {isa = PBXBuildFile; fileRef = BF971B852A588634006BFFBB /* elfFile.c */; };
		BF971B8D2A58B135006BFFBB /* cache.h in Headers */ = {isa = PBXBuildFile; fileRef = BF971B8B2A58B135006BFFBB /* cache.h */; };
		BF971B8E2A58B135006BFFBB /* cache.c in Sources */ = {isa = PBXBuildFile; fileRef = BF971B8C2A58B135006BFFBB /* cache.c */; };
		BF971B912A58B9EA006BFFBB /* machoFileInternal.h in Headers */ = {isa = PBXBuildFile; fileRef = BF971B8F2A58B9EA006BFFBB /* machoFileInternal.h */; };
		BF971B922A58B9EA006BFFBB /* machoFileInternal.h in Headers */ = {isa = PBXBuildFile; fileRef = BF971B8F2A58B9EA006BFFBB /* machoFileInternal.h */; };
		BF971B932A58B9EA006BFFBB /* machoFileInternal.c in Sources */ = {isa = PBXBuildFile; fileRef = BF971B902A58B9EA006BFFBB /* machoFileInternal.c */; };
		BF971B942A58B9EA006BFFBB /* machoFileInternal.c in Sources */ = {isa = PBXBuildFile; fileRef = BF971B902A58B9EA006BFFBB /* machoFileInternal.c */; };
		BF971B972A58C155006BFFBB /* callstack_internals.c in Sources */ = {isa = PBXBuildFile; fileRef = BF971B962A58C155006BFFBB /* callstack_internals.c */; };
		BF971B982A58C155006BFFBB /* callstack_internals.c in Sources */ = {isa = PBXBuildFile; fileRef = BF971B962A58C155006BFFBB /* callstack_internals.c */; };
		BFAB6B3B2A62EDC800726B52 /* objectFile.c in Sources */ = {isa = PBXBuildFile; fileRef = BFEC818B2A5EEA36002FA3B7 /* objectFile.c */; };
		BFAB6B3C2A62EDD000726B52 /* objectFile.c in Sources */ = {isa = PBXBuildFile; fileRef = BFEC818B2A5EEA36002FA3B7 /* objectFile.c */; };
		BFAB6B3E2A62F5EE00726B52 /* objectFile_optimized.cpp in Sources */ = {isa = PBXBuildFile; fileRef = BFAB6B382A62DC4600726B52 /* objectFile_optimized.cpp */; };
		BFAB6B3F2A62F5EE00726B52 /* objectFile_optimized.cpp in Sources */ = {isa = PBXBuildFile; fileRef = BFAB6B382A62DC4600726B52 /* objectFile_optimized.cpp */; };
		BFC2D17A2AC31E1300BD4C0B /* callstack_frame.c in Sources */ = {isa = PBXBuildFile; fileRef = BFC2D1792AC31E1300BD4C0B /* callstack_frame.c */; };
		BFC2D17B2AC31E1300BD4C0B /* callstack_frame.c in Sources */ = {isa = PBXBuildFile; fileRef = BFC2D1792AC31E1300BD4C0B /* callstack_frame.c */; };
		BFCC50C928F8454E00E2388D /* demangler.cpp in Sources */ = {isa = PBXBuildFile; fileRef = BFCC50C728F8454E00E2388D /* demangler.cpp */; };
		BFCC50CA28F8454E00E2388D /* demangler.h in Headers */ = {isa = PBXBuildFile; fileRef = BFCC50C828F8454E00E2388D /* demangler.h */; };
		BFE97A952AE82E92009E1DA4 /* fileHelper.cpp in Sources */ = {isa = PBXBuildFile; fileRef = BFE97A932AE82E92009E1DA4 /* fileHelper.cpp */; };
		BFE97A962AE82E92009E1DA4 /* fileHelper.h in Headers */ = {isa = PBXBuildFile; fileRef = BFE97A942AE82E92009E1DA4 /* fileHelper.h */; };
		BFEC81862A5EE937002FA3B7 /* function.h in Headers */ = {isa = PBXBuildFile; fileRef = BFEC81842A5EE937002FA3B7 /* function.h */; };
		BFEC81872A5EE937002FA3B7 /* function.h in Headers */ = {isa = PBXBuildFile; fileRef = BFEC81842A5EE937002FA3B7 /* function.h */; };
		BFEC81882A5EE937002FA3B7 /* function.c in Sources */ = {isa = PBXBuildFile; fileRef = BFEC81852A5EE937002FA3B7 /* function.c */; };
		BFEC81892A5EE937002FA3B7 /* function.c in Sources */ = {isa = PBXBuildFile; fileRef = BFEC81852A5EE937002FA3B7 /* function.c */; };
		BFEC818C2A5EEA36002FA3B7 /* objectFile.h in Headers */ = {isa = PBXBuildFile; fileRef = BFEC818A2A5EEA36002FA3B7 /* objectFile.h */; };
		BFEC818D2A5EEA36002FA3B7 /* objectFile.h in Headers */ = {isa = PBXBuildFile; fileRef = BFEC818A2A5EEA36002FA3B7 /* objectFile.h */; };
/* End PBXBuildFile section */

/* Begin PBXFileReference section */
		BF3036C728F987C700856435 /* callstack.hpp */ = {isa = PBXFileReference; lastKnownFileType = sourcecode.cpp.h; path = callstack.hpp; sourceTree = "<group>"; };
		BF3036CC28F998AD00856435 /* callstack_create.h */ = {isa = PBXFileReference; lastKnownFileType = sourcecode.c.h; path = callstack_create.h; sourceTree = "<group>"; };
		BF378FC52919539B00A4DAA9 /* libcallstack.dylib */ = {isa = PBXFileReference; explicitFileType = "compiled.mach-o.dylib"; includeInIndex = 0; path = libcallstack.dylib; sourceTree = BUILT_PRODUCTS_DIR; };
		BF5A745E28F1DB890017591A /* LICENSE */ = {isa = PBXFileReference; fileEncoding = 4; lastKnownFileType = text; path = LICENSE; sourceTree = "<group>"; };
		BF5A745F28F1DCA00017591A /* callstackInternal.h */ = {isa = PBXFileReference; lastKnownFileType = sourcecode.c.h; path = callstackInternal.h; sourceTree = "<group>"; };
		BF5A746028F1DCA00017591A /* callstackInternal.c */ = {isa = PBXFileReference; lastKnownFileType = sourcecode.c.c; path = callstackInternal.c; sourceTree = "<group>"; };
		BF5A746328F1DD7F0017591A /* callstack.h */ = {isa = PBXFileReference; lastKnownFileType = sourcecode.c.h; path = callstack.h; sourceTree = "<group>"; };
		BF5A746528F1E5120017591A /* callstack_type.h */ = {isa = PBXFileReference; lastKnownFileType = sourcecode.c.h; path = callstack_type.h; sourceTree = "<group>"; };
		BF5A746728F1EFC40017591A /* callstack_defs.h */ = {isa = PBXFileReference; lastKnownFileType = sourcecode.c.h; path = callstack_defs.h; sourceTree = "<group>"; };
		BF61E8F428F1CDD30006346B /* libcallstack.a */ = {isa = PBXFileReference; explicitFileType = archive.ar; includeInIndex = 0; path = libcallstack.a; sourceTree = BUILT_PRODUCTS_DIR; };
		BF61E8FD28F1CFF70006346B /* .gitignore */ = {isa = PBXFileReference; fileEncoding = 4; lastKnownFileType = text; path = .gitignore; sourceTree = "<group>"; };
		BF61E8FE28F1D1200006346B /* Makefile */ = {isa = PBXFileReference; lastKnownFileType = sourcecode.make; path = Makefile; sourceTree = "<group>"; };
		BF61E90028F1D1300006346B /* README.md */ = {isa = PBXFileReference; lastKnownFileType = net.daringfireball.markdown; path = README.md; sourceTree = "<group>"; };
		BF6660D82AE6B9EC002D2BDE /* callstack_exception.hpp */ = {isa = PBXFileReference; lastKnownFileType = sourcecode.cpp.h; path = callstack_exception.hpp; sourceTree = "<group>"; };
		BF86E31E28F4564600F6D20E /* callstack.c */ = {isa = PBXFileReference; lastKnownFileType = sourcecode.c.c; path = callstack.c; sourceTree = "<group>"; };
		BF86E32028F45DE100F6D20E /* callstack_parser.h */ = {isa = PBXFileReference; lastKnownFileType = sourcecode.c.h; path = callstack_parser.h; sourceTree = "<group>"; };
		BF86E32128F45DE100F6D20E /* callstack_parser.c */ = {isa = PBXFileReference; lastKnownFileType = sourcecode.c.c; path = callstack_parser.c; sourceTree = "<group>"; };
		BF86E32428F4609100F6D20E /* callstack_parserInternal.h */ = {isa = PBXFileReference; lastKnownFileType = sourcecode.c.h; path = callstack_parserInternal.h; sourceTree = "<group>"; };
		BF86E32528F4609100F6D20E /* callstack_parserInternal.c */ = {isa = PBXFileReference; lastKnownFileType = sourcecode.c.c; path = callstack_parserInternal.c; sourceTree = "<group>"; };
		BF971B762A588077006BFFBB /* machoFile.h */ = {isa = PBXFileReference; lastKnownFileType = sourcecode.c.h; path = machoFile.h; sourceTree = "<group>"; };
		BF971B772A588077006BFFBB /* machoFile.c */ = {isa = PBXFileReference; lastKnownFileType = sourcecode.c.c; path = machoFile.c; sourceTree = "<group>"; };
		BF971B7D2A58827B006BFFBB /* binaryFile.h */ = {isa = PBXFileReference; lastKnownFileType = sourcecode.c.h; path = binaryFile.h; sourceTree = "<group>"; };
		BF971B7E2A58827B006BFFBB /* binaryFile.c */ = {isa = PBXFileReference; lastKnownFileType = sourcecode.c.c; path = binaryFile.c; sourceTree = "<group>"; };
		BF971B842A588634006BFFBB /* elfFile.h */ = {isa = PBXFileReference; lastKnownFileType = sourcecode.c.h; path = elfFile.h; sourceTree = "<group>"; };
		BF971B852A588634006BFFBB /* elfFile.c */ = {isa = PBXFileReference; lastKnownFileType = sourcecode.c.c; path = elfFile.c; sourceTree = "<group>"; };
		BF971B8B2A58B135006BFFBB /* cache.h */ = {isa = PBXFileReference; lastKnownFileType = sourcecode.c.h; path = cache.h; sourceTree = "<group>"; };
		BF971B8C2A58B135006BFFBB /* cache.c */ = {isa = PBXFileReference; lastKnownFileType = sourcecode.c.c; path = cache.c; sourceTree = "<group>"; };
		BF971B8F2A58B9EA006BFFBB /* machoFileInternal.h */ = {isa = PBXFileReference; lastKnownFileType = sourcecode.c.h; path = machoFileInternal.h; sourceTree = "<group>"; };
		BF971B902A58B9EA006BFFBB /* machoFileInternal.c */ = {isa = PBXFileReference; lastKnownFileType = sourcecode.c.c; path = machoFileInternal.c; sourceTree = "<group>"; };
		BF971B952A58C0F2006BFFBB /* callstack_internals.h */ = {isa = PBXFileReference; lastKnownFileType = sourcecode.c.h; path = callstack_internals.h; sourceTree = "<group>"; };
		BF971B962A58C155006BFFBB /* callstack_internals.c */ = {isa = PBXFileReference; lastKnownFileType = sourcecode.c.c; path = callstack_internals.c; sourceTree = "<group>"; };
		BFA17E6E2AC496A200931B1E /* optional_Dl_info.h */ = {isa = PBXFileReference; lastKnownFileType = sourcecode.c.h; path = optional_Dl_info.h; sourceTree = "<group>"; };
		BFAB6B382A62DC4600726B52 /* objectFile_optimized.cpp */ = {isa = PBXFileReference; lastKnownFileType = sourcecode.cpp.cpp; path = objectFile_optimized.cpp; sourceTree = "<group>"; };
		BFAD35292B5675E200FDFBD6 /* optional_ulong.h */ = {isa = PBXFileReference; lastKnownFileType = sourcecode.c.h; path = optional_ulong.h; sourceTree = "<group>"; };
		BFADAB062ADDA923004B4695 /* lcs_dlfcn.h */ = {isa = PBXFileReference; lastKnownFileType = sourcecode.c.h; path = lcs_dlfcn.h; sourceTree = "<group>"; };
		BFC2D1782AC30BFA00BD4C0B /* callstack_frame.h */ = {isa = PBXFileReference; lastKnownFileType = sourcecode.c.h; path = callstack_frame.h; sourceTree = "<group>"; };
		BFC2D1792AC31E1300BD4C0B /* callstack_frame.c */ = {isa = PBXFileReference; lastKnownFileType = sourcecode.c.c; path = callstack_frame.c; sourceTree = "<group>"; };
		BFCC50C728F8454E00E2388D /* demangler.cpp */ = {isa = PBXFileReference; lastKnownFileType = sourcecode.cpp.cpp; path = demangler.cpp; sourceTree = "<group>"; };
		BFCC50C828F8454E00E2388D /* demangler.h */ = {isa = PBXFileReference; lastKnownFileType = sourcecode.c.h; path = demangler.h; sourceTree = "<group>"; };
		BFD2A03A2A659F4C007F4B81 /* LICENSE */ = {isa = PBXFileReference; lastKnownFileType = text; path = LICENSE; sourceTree = "<group>"; };
		BFD2A03B2A659F4C007F4B81 /* vector.hpp */ = {isa = PBXFileReference; lastKnownFileType = sourcecode.cpp.h; path = vector.hpp; sourceTree = "<group>"; };
		BFD2A03C2A659F4C007F4B81 /* optional.h */ = {isa = PBXFileReference; lastKnownFileType = sourcecode.c.h; path = optional.h; sourceTree = "<group>"; };
		BFD2A03D2A659F4C007F4B81 /* README.md */ = {isa = PBXFileReference; lastKnownFileType = net.daringfireball.markdown; path = README.md; sourceTree = "<group>"; };
		BFD2A03E2A659F4C007F4B81 /* .gitignore */ = {isa = PBXFileReference; lastKnownFileType = text; path = .gitignore; sourceTree = "<group>"; };
		BFD2A03F2A659F4C007F4B81 /* pair.h */ = {isa = PBXFileReference; lastKnownFileType = sourcecode.c.h; path = pair.h; sourceTree = "<group>"; };
		BFD2A0402A659F4C007F4B81 /* vector.h */ = {isa = PBXFileReference; lastKnownFileType = sourcecode.c.h; path = vector.h; sourceTree = "<group>"; };
		BFD2A0412A659F97007F4B81 /* UInt64Vector.h */ = {isa = PBXFileReference; lastKnownFileType = sourcecode.c.h; path = UInt64Vector.h; sourceTree = "<group>"; };
		BFD2A0422A65B0B7007F4B81 /* OptionalFuncFilePair.h */ = {isa = PBXFileReference; lastKnownFileType = sourcecode.c.h; path = OptionalFuncFilePair.h; sourceTree = "<group>"; };
		BFE075A32A66C0C7009C4462 /* FunctionVector.h */ = {isa = PBXFileReference; lastKnownFileType = sourcecode.c.h; path = FunctionVector.h; sourceTree = "<group>"; };
		BFE075A42A66C985009C4462 /* OptionalFunction.h */ = {isa = PBXFileReference; lastKnownFileType = sourcecode.c.h; path = OptionalFunction.h; sourceTree = "<group>"; };
		BFE97A932AE82E92009E1DA4 /* fileHelper.cpp */ = {isa = PBXFileReference; lastKnownFileType = sourcecode.cpp.cpp; path = fileHelper.cpp; sourceTree = "<group>"; };
		BFE97A942AE82E92009E1DA4 /* fileHelper.h */ = {isa = PBXFileReference; lastKnownFileType = sourcecode.c.h; path = fileHelper.h; sourceTree = "<group>"; };
		BFEC81842A5EE937002FA3B7 /* function.h */ = {isa = PBXFileReference; lastKnownFileType = sourcecode.c.h; path = function.h; sourceTree = "<group>"; };
		BFEC81852A5EE937002FA3B7 /* function.c */ = {isa = PBXFileReference; lastKnownFileType = sourcecode.c.c; path = function.c; sourceTree = "<group>"; };
		BFEC818A2A5EEA36002FA3B7 /* objectFile.h */ = {isa = PBXFileReference; lastKnownFileType = sourcecode.c.h; path = objectFile.h; sourceTree = "<group>"; };
		BFEC818B2A5EEA36002FA3B7 /* objectFile.c */ = {isa = PBXFileReference; lastKnownFileType = sourcecode.c.c; path = objectFile.c; sourceTree = "<group>"; };
/* End PBXFileReference section */

/* Begin PBXFrameworksBuildPhase section */
		BF378FC32919539B00A4DAA9 /* Frameworks */ = {
			isa = PBXFrameworksBuildPhase;
			buildActionMask = 2147483647;
			files = (
			);
			runOnlyForDeploymentPostprocessing = 0;
		};
		BF61E8F228F1CDD30006346B /* Frameworks */ = {
			isa = PBXFrameworksBuildPhase;
			buildActionMask = 2147483647;
			files = (
			);
			runOnlyForDeploymentPostprocessing = 0;
		};
/* End PBXFrameworksBuildPhase section */

/* Begin PBXGroup section */
		BF3031DF294C6C2300E8ADC5 /* macho */ = {
			isa = PBXGroup;
			children = (
				BFAB6B3D2A62F5E100726B52 /* cpp_optimized */,
				BF971B762A588077006BFFBB /* machoFile.h */,
				BF971B772A588077006BFFBB /* machoFile.c */,
				BF971B8F2A58B9EA006BFFBB /* machoFileInternal.h */,
				BF971B902A58B9EA006BFFBB /* machoFileInternal.c */,
				BFEC81842A5EE937002FA3B7 /* function.h */,
				BFEC81852A5EE937002FA3B7 /* function.c */,
				BFEC818A2A5EEA36002FA3B7 /* objectFile.h */,
				BFD2A0422A65B0B7007F4B81 /* OptionalFuncFilePair.h */,
				BFE075A32A66C0C7009C4462 /* FunctionVector.h */,
				BFE075A42A66C985009C4462 /* OptionalFunction.h */,
			);
			path = macho;
			sourceTree = "<group>";
		};
		BF3031E1294C6C4700E8ADC5 /* parser */ = {
			isa = PBXGroup;
			children = (
				BF971B7C2A58823E006BFFBB /* file */,
				BF86E32028F45DE100F6D20E /* callstack_parser.h */,
				BF86E32128F45DE100F6D20E /* callstack_parser.c */,
				BF86E32428F4609100F6D20E /* callstack_parserInternal.h */,
				BF86E32528F4609100F6D20E /* callstack_parserInternal.c */,
				BFCC50C728F8454E00E2388D /* demangler.cpp */,
				BFCC50C828F8454E00E2388D /* demangler.h */,
			);
			path = parser;
			sourceTree = "<group>";
		};
		BF61E8EB28F1CDD30006346B = {
			isa = PBXGroup;
			children = (
				BFD2A0392A659F4C007F4B81 /* DC4C */,
				BF5A745E28F1DB890017591A /* LICENSE */,
				BF61E8FD28F1CFF70006346B /* .gitignore */,
				BF61E8FE28F1D1200006346B /* Makefile */,
				BF61E90028F1D1300006346B /* README.md */,
				BF61E8FC28F1CFC90006346B /* include */,
				BF61E8FB28F1CFB40006346B /* src */,
				BF61E8F528F1CDD30006346B /* Products */,
			);
			sourceTree = "<group>";
		};
		BF61E8F528F1CDD30006346B /* Products */ = {
			isa = PBXGroup;
			children = (
				BF61E8F428F1CDD30006346B /* libcallstack.a */,
				BF378FC52919539B00A4DAA9 /* libcallstack.dylib */,
			);
			name = Products;
			sourceTree = "<group>";
		};
		BF61E8FB28F1CFB40006346B /* src */ = {
			isa = PBXGroup;
			children = (
				BF3031E1294C6C4700E8ADC5 /* parser */,
				BF5A745F28F1DCA00017591A /* callstackInternal.h */,
				BF86E31E28F4564600F6D20E /* callstack.c */,
				BF5A746028F1DCA00017591A /* callstackInternal.c */,
				BF971B962A58C155006BFFBB /* callstack_internals.c */,
				BFC2D1792AC31E1300BD4C0B /* callstack_frame.c */,
			);
			path = src;
			sourceTree = "<group>";
		};
		BF61E8FC28F1CFC90006346B /* include */ = {
			isa = PBXGroup;
			children = (
				BF5A746328F1DD7F0017591A /* callstack.h */,
				BF5A746528F1E5120017591A /* callstack_type.h */,
				BF5A746728F1EFC40017591A /* callstack_defs.h */,
				BF3036C728F987C700856435 /* callstack.hpp */,
				BF3036CC28F998AD00856435 /* callstack_create.h */,
				BF971B952A58C0F2006BFFBB /* callstack_internals.h */,
				BFC2D1782AC30BFA00BD4C0B /* callstack_frame.h */,
				BFA17E6E2AC496A200931B1E /* optional_Dl_info.h */,
				BFADAB062ADDA923004B4695 /* lcs_dlfcn.h */,
				BF6660D82AE6B9EC002D2BDE /* callstack_exception.hpp */,
				BFAD35292B5675E200FDFBD6 /* optional_ulong.h */,
			);
			path = include;
			sourceTree = "<group>";
		};
		BF971B7C2A58823E006BFFBB /* file */ = {
			isa = PBXGroup;
			children = (
				BF971B8A2A58B125006BFFBB /* cache */,
				BF971B832A588624006BFFBB /* elf */,
				BF3031DF294C6C2300E8ADC5 /* macho */,
				BF971B7D2A58827B006BFFBB /* binaryFile.h */,
				BF971B7E2A58827B006BFFBB /* binaryFile.c */,
				BFD2A0412A659F97007F4B81 /* UInt64Vector.h */,
				BFE97A932AE82E92009E1DA4 /* fileHelper.cpp */,
				BFE97A942AE82E92009E1DA4 /* fileHelper.h */,
			);
			path = file;
			sourceTree = "<group>";
		};
		BF971B832A588624006BFFBB /* elf */ = {
			isa = PBXGroup;
			children = (
				BF971B842A588634006BFFBB /* elfFile.h */,
				BF971B852A588634006BFFBB /* elfFile.c */,
			);
			path = elf;
			sourceTree = "<group>";
		};
		BF971B8A2A58B125006BFFBB /* cache */ = {
			isa = PBXGroup;
			children = (
				BF971B8B2A58B135006BFFBB /* cache.h */,
				BF971B8C2A58B135006BFFBB /* cache.c */,
			);
			path = cache;
			sourceTree = "<group>";
		};
		BFAB6B3D2A62F5E100726B52 /* cpp_optimized */ = {
			isa = PBXGroup;
			children = (
				BFEC818B2A5EEA36002FA3B7 /* objectFile.c */,
				BFAB6B382A62DC4600726B52 /* objectFile_optimized.cpp */,
			);
			path = cpp_optimized;
			sourceTree = "<group>";
		};
		BFD2A0392A659F4C007F4B81 /* DC4C */ = {
			isa = PBXGroup;
			children = (
				BFD2A03A2A659F4C007F4B81 /* LICENSE */,
				BFD2A03B2A659F4C007F4B81 /* vector.hpp */,
				BFD2A03C2A659F4C007F4B81 /* optional.h */,
				BFD2A03D2A659F4C007F4B81 /* README.md */,
				BFD2A03E2A659F4C007F4B81 /* .gitignore */,
				BFD2A03F2A659F4C007F4B81 /* pair.h */,
				BFD2A0402A659F4C007F4B81 /* vector.h */,
			);
			path = DC4C;
			sourceTree = "<group>";
		};
/* End PBXGroup section */

/* Begin PBXHeadersBuildPhase section */
		BF378FC12919539B00A4DAA9 /* Headers */ = {
			isa = PBXHeadersBuildPhase;
			buildActionMask = 2147483647;
			files = (
				BFEC81872A5EE937002FA3B7 /* function.h in Headers */,
				BF378FE32919545700A4DAA9 /* callstack_create.h in Headers */,
				BF971B792A588077006BFFBB /* machoFile.h in Headers */,
				BF378FE62919545800A4DAA9 /* callstack.hpp in Headers */,
				BF378FE92919545B00A4DAA9 /* callstack_defs.h in Headers */,
				BFEC818D2A5EEA36002FA3B7 /* objectFile.h in Headers */,
				BF378FEC2919545E00A4DAA9 /* callstack_type.h in Headers */,
				BF378FEF2919546000A4DAA9 /* callstack.h in Headers */,
				BF971B922A58B9EA006BFFBB /* machoFileInternal.h in Headers */,
				BF378FD72919544A00A4DAA9 /* demangler.h in Headers */,
				BF378FDA2919544E00A4DAA9 /* callstack_parserInternal.h in Headers */,
				BF378FDD2919545100A4DAA9 /* callstack_parser.h in Headers */,
				BF971B802A58827B006BFFBB /* binaryFile.h in Headers */,
				BF378FE02919545500A4DAA9 /* callstackInternal.h in Headers */,
				BF971B872A588634006BFFBB /* elfFile.h in Headers */,
			);
			runOnlyForDeploymentPostprocessing = 0;
		};
		BF61E8F028F1CDD30006346B /* Headers */ = {
			isa = PBXHeadersBuildPhase;
			buildActionMask = 2147483647;
			files = (
				BF5A746428F1DD7F0017591A /* callstack.h in Headers */,
				BF971B782A588077006BFFBB /* machoFile.h in Headers */,
				BF971B8D2A58B135006BFFBB /* cache.h in Headers */,
				BF5A746628F1E5120017591A /* callstack_type.h in Headers */,
				BF5A746828F1EFC40017591A /* callstack_defs.h in Headers */,
				BF378FBE2919537000A4DAA9 /* callstack.hpp in Headers */,
				BF3036CD28F998AD00856435 /* callstack_create.h in Headers */,
				BF86E32228F45DE100F6D20E /* callstack_parser.h in Headers */,
				BF5A746128F1DCA00017591A /* callstackInternal.h in Headers */,
				BFEC818C2A5EEA36002FA3B7 /* objectFile.h in Headers */,
				BF86E32628F4609100F6D20E /* callstack_parserInternal.h in Headers */,
				BFE97A962AE82E92009E1DA4 /* fileHelper.h in Headers */,
				BFEC81862A5EE937002FA3B7 /* function.h in Headers */,
				BF971B912A58B9EA006BFFBB /* machoFileInternal.h in Headers */,
				BF971B7F2A58827B006BFFBB /* binaryFile.h in Headers */,
				BFCC50CA28F8454E00E2388D /* demangler.h in Headers */,
				BF971B862A588634006BFFBB /* elfFile.h in Headers */,
			);
			runOnlyForDeploymentPostprocessing = 0;
		};
/* End PBXHeadersBuildPhase section */

/* Begin PBXNativeTarget section */
		BF378FC42919539B00A4DAA9 /* CallstackLibrary_shared */ = {
			isa = PBXNativeTarget;
			buildConfigurationList = BF378FC62919539B00A4DAA9 /* Build configuration list for PBXNativeTarget "CallstackLibrary_shared" */;
			buildPhases = (
				BF378FC12919539B00A4DAA9 /* Headers */,
				BF378FC22919539B00A4DAA9 /* Sources */,
				BF378FC32919539B00A4DAA9 /* Frameworks */,
			);
			buildRules = (
			);
			dependencies = (
			);
			name = CallstackLibrary_shared;
			productName = CallstackLibrary_shared;
			productReference = BF378FC52919539B00A4DAA9 /* libcallstack.dylib */;
			productType = "com.apple.product-type.library.dynamic";
		};
		BF61E8F328F1CDD30006346B /* CallstackLibrary */ = {
			isa = PBXNativeTarget;
			buildConfigurationList = BF61E8F828F1CDD30006346B /* Build configuration list for PBXNativeTarget "CallstackLibrary" */;
			buildPhases = (
				BF61E8F028F1CDD30006346B /* Headers */,
				BF61E8F128F1CDD30006346B /* Sources */,
				BF61E8F228F1CDD30006346B /* Frameworks */,
			);
			buildRules = (
			);
			dependencies = (
			);
			name = CallstackLibrary;
			productName = "Callstack Library";
			productReference = BF61E8F428F1CDD30006346B /* libcallstack.a */;
			productType = "com.apple.product-type.library.static";
		};
/* End PBXNativeTarget section */

/* Begin PBXProject section */
		BF61E8EC28F1CDD30006346B /* Project object */ = {
			isa = PBXProject;
			attributes = {
				BuildIndependentTargetsInParallel = YES;
				LastUpgradeCheck = 1520;
				ORGANIZATIONNAME = mhahnFr;
				TargetAttributes = {
					BF378FC42919539B00A4DAA9 = {
						CreatedOnToolsVersion = 12.3;
					};
					BF61E8F328F1CDD30006346B = {
						CreatedOnToolsVersion = 11.6;
					};
				};
			};
			buildConfigurationList = BF61E8EF28F1CDD30006346B /* Build configuration list for PBXProject "CallstackLibrary" */;
			compatibilityVersion = "Xcode 9.3";
			developmentRegion = en;
			hasScannedForEncodings = 0;
			knownRegions = (
				en,
				Base,
			);
			mainGroup = BF61E8EB28F1CDD30006346B;
			productRefGroup = BF61E8F528F1CDD30006346B /* Products */;
			projectDirPath = "";
			projectRoot = "";
			targets = (
				BF61E8F328F1CDD30006346B /* CallstackLibrary */,
				BF378FC42919539B00A4DAA9 /* CallstackLibrary_shared */,
			);
		};
/* End PBXProject section */

/* Begin PBXSourcesBuildPhase section */
		BF378FC22919539B00A4DAA9 /* Sources */ = {
			isa = PBXSourcesBuildPhase;
			buildActionMask = 2147483647;
			files = (
				BF971B892A588634006BFFBB /* elfFile.c in Sources */,
				BFEC81892A5EE937002FA3B7 /* function.c in Sources */,
				BFC2D17B2AC31E1300BD4C0B /* callstack_frame.c in Sources */,
				BF971B982A58C155006BFFBB /* callstack_internals.c in Sources */,
				BF378FCB2919542100A4DAA9 /* callstack.c in Sources */,
				BF971B942A58B9EA006BFFBB /* machoFileInternal.c in Sources */,
				BFAB6B3F2A62F5EE00726B52 /* objectFile_optimized.cpp in Sources */,
				BFAB6B3B2A62EDC800726B52 /* objectFile.c in Sources */,
				BF971B822A58827B006BFFBB /* binaryFile.c in Sources */,
				BF378FCE2919542400A4DAA9 /* callstackInternal.c in Sources */,
				BF378FD12919542600A4DAA9 /* callstack_parser.c in Sources */,
				BF378FD42919542800A4DAA9 /* callstack_parserInternal.c in Sources */,
				BF378FF22919546B00A4DAA9 /* demangler.cpp in Sources */,
				BF971B7B2A588077006BFFBB /* machoFile.c in Sources */,
			);
			runOnlyForDeploymentPostprocessing = 0;
		};
		BF61E8F128F1CDD30006346B /* Sources */ = {
			isa = PBXSourcesBuildPhase;
			buildActionMask = 2147483647;
			files = (
				BF971B882A588634006BFFBB /* elfFile.c in Sources */,
				BF971B972A58C155006BFFBB /* callstack_internals.c in Sources */,
				BF86E31F28F4564600F6D20E /* callstack.c in Sources */,
				BF971B812A58827B006BFFBB /* binaryFile.c in Sources */,
				BF971B8E2A58B135006BFFBB /* cache.c in Sources */,
				BF5A746228F1DCA00017591A /* callstackInternal.c in Sources */,
				BFAB6B3E2A62F5EE00726B52 /* objectFile_optimized.cpp in Sources */,
				BF86E32728F4609100F6D20E /* callstack_parserInternal.c in Sources */,
				BFAB6B3C2A62EDD000726B52 /* objectFile.c in Sources */,
				BF86E32328F45DE100F6D20E /* callstack_parser.c in Sources */,
				BF971B932A58B9EA006BFFBB /* machoFileInternal.c in Sources */,
				BFEC81882A5EE937002FA3B7 /* function.c in Sources */,
				BFCC50C928F8454E00E2388D /* demangler.cpp in Sources */,
				BF971B7A2A588077006BFFBB /* machoFile.c in Sources */,
				BFC2D17A2AC31E1300BD4C0B /* callstack_frame.c in Sources */,
				BFE97A952AE82E92009E1DA4 /* fileHelper.cpp in Sources */,
			);
			runOnlyForDeploymentPostprocessing = 0;
		};
/* End PBXSourcesBuildPhase section */

/* Begin XCBuildConfiguration section */
		BF378FC72919539B00A4DAA9 /* Debug */ = {
			isa = XCBuildConfiguration;
			buildSettings = {
				CLANG_CXX_LANGUAGE_STANDARD = "gnu++17";
				CLANG_WARN_QUOTED_INCLUDE_IN_FRAMEWORK_HEADER = YES;
				CLANG_WARN_SUSPICIOUS_IMPLICIT_CONVERSION = YES;
				CODE_SIGN_STYLE = Automatic;
				DEAD_CODE_STRIPPING = YES;
				DYLIB_COMPATIBILITY_VERSION = 1;
				DYLIB_CURRENT_VERSION = 1;
				EXECUTABLE_PREFIX = lib;
				GCC_WARN_UNUSED_LABEL = YES;
				GCC_WARN_UNUSED_PARAMETER = YES;
				PRODUCT_NAME = callstack;
				SKIP_INSTALL = YES;
			};
			name = Debug;
		};
		BF378FC82919539B00A4DAA9 /* Release */ = {
			isa = XCBuildConfiguration;
			buildSettings = {
				CLANG_CXX_LANGUAGE_STANDARD = "gnu++17";
				CLANG_WARN_QUOTED_INCLUDE_IN_FRAMEWORK_HEADER = YES;
				CLANG_WARN_SUSPICIOUS_IMPLICIT_CONVERSION = YES;
				CODE_SIGN_STYLE = Automatic;
				DEAD_CODE_STRIPPING = YES;
				DYLIB_COMPATIBILITY_VERSION = 1;
				DYLIB_CURRENT_VERSION = 1;
				EXECUTABLE_PREFIX = lib;
				GCC_OPTIMIZATION_LEVEL = fast;
				GCC_WARN_UNUSED_LABEL = YES;
				GCC_WARN_UNUSED_PARAMETER = YES;
				PRODUCT_NAME = callstack;
				SKIP_INSTALL = YES;
			};
			name = Release;
		};
		BF61E8F628F1CDD30006346B /* Debug */ = {
			isa = XCBuildConfiguration;
			buildSettings = {
				ALWAYS_SEARCH_USER_PATHS = NO;
				CLANG_ANALYZER_NONNULL = YES;
				CLANG_ANALYZER_NUMBER_OBJECT_CONVERSION = YES_AGGRESSIVE;
				CLANG_CXX_LANGUAGE_STANDARD = "gnu++17";
				CLANG_CXX_LIBRARY = "libc++";
				CLANG_ENABLE_MODULES = YES;
				CLANG_ENABLE_OBJC_ARC = YES;
				CLANG_ENABLE_OBJC_WEAK = YES;
				CLANG_WARN_BLOCK_CAPTURE_AUTORELEASING = YES;
				CLANG_WARN_BOOL_CONVERSION = YES;
				CLANG_WARN_COMMA = YES;
				CLANG_WARN_CONSTANT_CONVERSION = YES;
				CLANG_WARN_DEPRECATED_OBJC_IMPLEMENTATIONS = YES;
				CLANG_WARN_DIRECT_OBJC_ISA_USAGE = YES_ERROR;
				CLANG_WARN_DOCUMENTATION_COMMENTS = YES;
				CLANG_WARN_EMPTY_BODY = YES;
				CLANG_WARN_ENUM_CONVERSION = YES;
				CLANG_WARN_INFINITE_RECURSION = YES;
				CLANG_WARN_INT_CONVERSION = YES;
				CLANG_WARN_NON_LITERAL_NULL_CONVERSION = YES;
				CLANG_WARN_OBJC_IMPLICIT_RETAIN_SELF = YES;
				CLANG_WARN_OBJC_LITERAL_CONVERSION = YES;
				CLANG_WARN_OBJC_ROOT_CLASS = YES_ERROR;
				CLANG_WARN_QUOTED_INCLUDE_IN_FRAMEWORK_HEADER = YES;
				CLANG_WARN_RANGE_LOOP_ANALYSIS = YES;
				CLANG_WARN_STRICT_PROTOTYPES = YES;
				CLANG_WARN_SUSPICIOUS_MOVE = YES;
				CLANG_WARN_UNGUARDED_AVAILABILITY = YES_AGGRESSIVE;
				CLANG_WARN_UNREACHABLE_CODE = YES;
				CLANG_WARN__DUPLICATE_METHOD_MATCH = YES;
				COPY_PHASE_STRIP = NO;
				DEAD_CODE_STRIPPING = YES;
				DEBUG_INFORMATION_FORMAT = dwarf;
				ENABLE_STRICT_OBJC_MSGSEND = YES;
				ENABLE_TESTABILITY = YES;
				ENABLE_USER_SCRIPT_SANDBOXING = YES;
				GCC_C_LANGUAGE_STANDARD = gnu11;
				GCC_DYNAMIC_NO_PIC = NO;
				GCC_NO_COMMON_BLOCKS = YES;
				GCC_OPTIMIZATION_LEVEL = 0;
				GCC_PREPROCESSOR_DEFINITIONS = (
					"DEBUG=1",
					"$(inherited)",
				);
				GCC_WARN_64_TO_32_BIT_CONVERSION = YES;
				GCC_WARN_ABOUT_RETURN_TYPE = YES_ERROR;
				GCC_WARN_UNDECLARED_SELECTOR = YES;
				GCC_WARN_UNINITIALIZED_AUTOS = YES_AGGRESSIVE;
				GCC_WARN_UNUSED_FUNCTION = YES;
				GCC_WARN_UNUSED_VARIABLE = YES;
				MACOSX_DEPLOYMENT_TARGET = 10.15;
				MTL_ENABLE_DEBUG_INFO = INCLUDE_SOURCE;
				MTL_FAST_MATH = YES;
				ONLY_ACTIVE_ARCH = YES;
				SDKROOT = macosx;
			};
			name = Debug;
		};
		BF61E8F728F1CDD30006346B /* Release */ = {
			isa = XCBuildConfiguration;
			buildSettings = {
				ALWAYS_SEARCH_USER_PATHS = NO;
				CLANG_ANALYZER_NONNULL = YES;
				CLANG_ANALYZER_NUMBER_OBJECT_CONVERSION = YES_AGGRESSIVE;
				CLANG_CXX_LANGUAGE_STANDARD = "gnu++17";
				CLANG_CXX_LIBRARY = "libc++";
				CLANG_ENABLE_MODULES = YES;
				CLANG_ENABLE_OBJC_ARC = YES;
				CLANG_ENABLE_OBJC_WEAK = YES;
				CLANG_WARN_BLOCK_CAPTURE_AUTORELEASING = YES;
				CLANG_WARN_BOOL_CONVERSION = YES;
				CLANG_WARN_COMMA = YES;
				CLANG_WARN_CONSTANT_CONVERSION = YES;
				CLANG_WARN_DEPRECATED_OBJC_IMPLEMENTATIONS = YES;
				CLANG_WARN_DIRECT_OBJC_ISA_USAGE = YES_ERROR;
				CLANG_WARN_DOCUMENTATION_COMMENTS = YES;
				CLANG_WARN_EMPTY_BODY = YES;
				CLANG_WARN_ENUM_CONVERSION = YES;
				CLANG_WARN_INFINITE_RECURSION = YES;
				CLANG_WARN_INT_CONVERSION = YES;
				CLANG_WARN_NON_LITERAL_NULL_CONVERSION = YES;
				CLANG_WARN_OBJC_IMPLICIT_RETAIN_SELF = YES;
				CLANG_WARN_OBJC_LITERAL_CONVERSION = YES;
				CLANG_WARN_OBJC_ROOT_CLASS = YES_ERROR;
				CLANG_WARN_QUOTED_INCLUDE_IN_FRAMEWORK_HEADER = YES;
				CLANG_WARN_RANGE_LOOP_ANALYSIS = YES;
				CLANG_WARN_STRICT_PROTOTYPES = YES;
				CLANG_WARN_SUSPICIOUS_MOVE = YES;
				CLANG_WARN_UNGUARDED_AVAILABILITY = YES_AGGRESSIVE;
				CLANG_WARN_UNREACHABLE_CODE = YES;
				CLANG_WARN__DUPLICATE_METHOD_MATCH = YES;
				COPY_PHASE_STRIP = NO;
				DEAD_CODE_STRIPPING = YES;
				DEBUG_INFORMATION_FORMAT = "dwarf-with-dsym";
				ENABLE_NS_ASSERTIONS = NO;
				ENABLE_STRICT_OBJC_MSGSEND = YES;
				ENABLE_USER_SCRIPT_SANDBOXING = YES;
				GCC_C_LANGUAGE_STANDARD = gnu11;
				GCC_NO_COMMON_BLOCKS = YES;
				GCC_WARN_64_TO_32_BIT_CONVERSION = YES;
				GCC_WARN_ABOUT_RETURN_TYPE = YES_ERROR;
				GCC_WARN_UNDECLARED_SELECTOR = YES;
				GCC_WARN_UNINITIALIZED_AUTOS = YES_AGGRESSIVE;
				GCC_WARN_UNUSED_FUNCTION = YES;
				GCC_WARN_UNUSED_VARIABLE = YES;
				MACOSX_DEPLOYMENT_TARGET = 10.15;
				MTL_ENABLE_DEBUG_INFO = NO;
				MTL_FAST_MATH = YES;
				SDKROOT = macosx;
			};
			name = Release;
		};
		BF61E8F928F1CDD30006346B /* Debug */ = {
			isa = XCBuildConfiguration;
			buildSettings = {
				CLANG_CXX_LANGUAGE_STANDARD = "gnu++17";
				CLANG_WARN_SUSPICIOUS_IMPLICIT_CONVERSION = YES;
				CODE_SIGN_STYLE = Automatic;
				DEAD_CODE_STRIPPING = YES;
				EXECUTABLE_PREFIX = lib;
				GCC_WARN_UNUSED_LABEL = YES;
				GCC_WARN_UNUSED_PARAMETER = YES;
				PRODUCT_MODULE_NAME = "$(PRODUCT_NAME:c99extidentifier)";
				PRODUCT_NAME = callstack;
				SKIP_INSTALL = YES;
			};
			name = Debug;
		};
		BF61E8FA28F1CDD30006346B /* Release */ = {
			isa = XCBuildConfiguration;
			buildSettings = {
				CLANG_CXX_LANGUAGE_STANDARD = "gnu++17";
				CLANG_WARN_SUSPICIOUS_IMPLICIT_CONVERSION = YES;
				CODE_SIGN_STYLE = Automatic;
				DEAD_CODE_STRIPPING = YES;
				EXECUTABLE_PREFIX = lib;
				GCC_OPTIMIZATION_LEVEL = fast;
				GCC_WARN_UNUSED_LABEL = YES;
				GCC_WARN_UNUSED_PARAMETER = YES;
				PRODUCT_MODULE_NAME = "$(PRODUCT_NAME:c99extidentifier)";
				PRODUCT_NAME = callstack;
				SKIP_INSTALL = YES;
			};
			name = Release;
		};
/* End XCBuildConfiguration section */

/* Begin XCConfigurationList section */
		BF378FC62919539B00A4DAA9 /* Build configuration list for PBXNativeTarget "CallstackLibrary_shared" */ = {
			isa = XCConfigurationList;
			buildConfigurations = (
				BF378FC72919539B00A4DAA9 /* Debug */,
				BF378FC82919539B00A4DAA9 /* Release */,
			);
			defaultConfigurationIsVisible = 0;
			defaultConfigurationName = Release;
		};
		BF61E8EF28F1CDD30006346B /* Build configuration list for PBXProject "CallstackLibrary" */ = {
			isa = XCConfigurationList;
			buildConfigurations = (
				BF61E8F628F1CDD30006346B /* Debug */,
				BF61E8F728F1CDD30006346B /* Release */,
			);
			defaultConfigurationIsVisible = 0;
			defaultConfigurationName = Release;
		};
		BF61E8F828F1CDD30006346B /* Build configuration list for PBXNativeTarget "CallstackLibrary" */ = {
			isa = XCConfigurationList;
			buildConfigurations = (
				BF61E8F928F1CDD30006346B /* Debug */,
				BF61E8FA28F1CDD30006346B /* Release */,
			);
			defaultConfigurationIsVisible = 0;
			defaultConfigurationName = Release;
		};
/* End XCConfigurationList section */
	};
	rootObject = BF61E8EC28F1CDD30006346B /* Project object */;
}
